
Microsoft Visual Studio Solution File, Format Version 12.00
# Visual Studio 2013
VisualStudioVersion = 12.0.21005.1
MinimumVisualStudioVersion = 10.0.40219.1
Project("{FAE04EC0-301F-11D3-BF4B-00C04F79EFBC}") = "NeuralNetwork", "NeuralNetwork\NeuralNetwork.csproj", "{C8D22C85-DB6B-41E3-8F7B-981E0F2D6469}"
EndProject
Global
	GlobalSection(SolutionConfigurationPlatforms) = preSolution
		Debug|Any CPU = Debug|Any CPU
		Release|Any CPU = Release|Any CPU
	EndGlobalSection
	GlobalSection(ProjectConfigurationPlatforms) = postSolution
		{C8D22C85-DB6B-41E3-8F7B-981E0F2D6469}.Debug|Any CPU.ActiveCfg = Debug|Any CPU
		{C8D22C85-DB6B-41E3-8F7B-981E0F2D6469}.Debug|Any CPU.Build.0 = Debug|Any CPU
		{C8D22C85-DB6B-41E3-8F7B-981E0F2D6469}.Release|Any CPU.ActiveCfg = Release|Any CPU
		{C8D22C85-DB6B-41E3-8F7B-981E0F2D6469}.Release|Any CPU.Build.0 = Release|Any CPU
	EndGlobalSection
	GlobalSection(SolutionProperties) = preSolution
		HideSolutionNode = FALSE
	EndGlobalSection
EndGlobal
